PODS:
  - Alamofire (5.4.0)
  - AlamofireImage (4.1.0):
    - Alamofire (~> 5.1)

DEPENDENCIES:
  - Alamofire (from `https://github.com/Alamofire/Alamofire.git`)
  - AlamofireImage (from `https://github.com/Alamofire/AlamofireImage.git`)

EXTERNAL SOURCES:
  Alamofire:
    :git: https://github.com/Alamofire/Alamofire.git
  AlamofireImage:
    :git: https://github.com/Alamofire/AlamofireImage.git

CHECKOUT OPTIONS:
  Alamofire:
    :commit: 9e0328127dfb801cefe8ac53a13c0c90a7770448
    :git: https://github.com/Alamofire/Alamofire.git
  AlamofireImage:
    :commit: e6818dbf6638d81db304b79dda8648d76a799b01
    :git: https://github.com/Alamofire/AlamofireImage.git

SPEC CHECKSUMS:
  Alamofire: 3b6a534a3df22db367e4dedeeca73d1ddfcf0e2f
  AlamofireImage: c4a2ba349885fb3064feb74d2e547bd42ce9be10

PODFILE CHECKSUM: 7aa15d3402753717941f187ab9ce7187074d4928

COCOAPODS: 1.9.2
